
Microsoft Visual Studio Solution File, Format Version 12.00
# Visual Studio 15
VisualStudioVersion = 15.0.26430.14
MinimumVisualStudioVersion = 10.0.40219.1
Project("{9A19103F-16F7-4668-BE54-9A1E7A4F7556}") = "AhmedSherien.Web", "AhmedSherien.Web\AhmedSherien.Web.csproj", "{8893F474-4CBB-4A32-8E30-4A1E13879500}"
EndProject
Project("{FAE04EC0-301F-11D3-BF4B-00C04F79EFBC}") = "AhmedSherien.Domain", "AhmedSherien.Domain\AhmedSherien.Domain.csproj", "{8A3B7A55-860E-4682-8D74-DFE77DD3437D}"
EndProject
Project("{FAE04EC0-301F-11D3-BF4B-00C04F79EFBC}") = "AhmedSherien.Application", "AhmedSherien.Application\AhmedSherien.Application.csproj", "{273B6772-6F01-44D9-AE8E-14A81D1BBEC4}"
EndProject
Global
	GlobalSection(SolutionConfigurationPlatforms) = preSolution
		Debug|Any CPU = Debug|Any CPU
		Release|Any CPU = Release|Any CPU
	EndGlobalSection
	GlobalSection(ProjectConfigurationPlatforms) = postSolution
		{8893F474-4CBB-4A32-8E30-4A1E13879500}.Debug|Any CPU.ActiveCfg = Debug|Any CPU
		{8893F474-4CBB-4A32-8E30-4A1E13879500}.Debug|Any CPU.Build.0 = Debug|Any CPU
		{8893F474-4CBB-4A32-8E30-4A1E13879500}.Release|Any CPU.ActiveCfg = Release|Any CPU
		{8893F474-4CBB-4A32-8E30-4A1E13879500}.Release|Any CPU.Build.0 = Release|Any CPU
		{8A3B7A55-860E-4682-8D74-DFE77DD3437D}.Debug|Any CPU.ActiveCfg = Debug|Any CPU
		{8A3B7A55-860E-4682-8D74-DFE77DD3437D}.Debug|Any CPU.Build.0 = Debug|Any CPU
		{8A3B7A55-860E-4682-8D74-DFE77DD3437D}.Release|Any CPU.ActiveCfg = Release|Any CPU
		{8A3B7A55-860E-4682-8D74-DFE77DD3437D}.Release|Any CPU.Build.0 = Release|Any CPU
		{273B6772-6F01-44D9-AE8E-14A81D1BBEC4}.Debug|Any CPU.ActiveCfg = Debug|Any CPU
		{273B6772-6F01-44D9-AE8E-14A81D1BBEC4}.Debug|Any CPU.Build.0 = Debug|Any CPU
		{273B6772-6F01-44D9-AE8E-14A81D1BBEC4}.Release|Any CPU.ActiveCfg = Release|Any CPU
		{273B6772-6F01-44D9-AE8E-14A81D1BBEC4}.Release|Any CPU.Build.0 = Release|Any CPU
	EndGlobalSection
	GlobalSection(SolutionProperties) = preSolution
		HideSolutionNode = FALSE
	EndGlobalSection
EndGlobal
